
Microsoft Visual Studio Solution File, Format Version 12.00
# Visual Studio Version 17
VisualStudioVersion = 17.0.32014.148
MinimumVisualStudioVersion = 10.0.40219.1
Project("{9A19103F-16F7-4668-BE54-9A1E7A4F7556}") = "MqttBroker", "HomeControl\MqttBroker.csproj", "{6DE5F6DB-0F92-4554-A91C-5D5002D6D23A}"
EndProject
Project("{9A19103F-16F7-4668-BE54-9A1E7A4F7556}") = "Config", "ConfigManager\Config.csproj", "{1601E1BF-6983-4D05-8845-36623B9DC181}"
EndProject
Global
	GlobalSection(SolutionConfigurationPlatforms) = preSolution
		Debug|Any CPU = Debug|Any CPU
		Release|Any CPU = Release|Any CPU
	EndGlobalSection
	GlobalSection(ProjectConfigurationPlatforms) = postSolution
		{6DE5F6DB-0F92-4554-A91C-5D5002D6D23A}.Debug|Any CPU.ActiveCfg = Debug|Any CPU
		{6DE5F6DB-0F92-4554-A91C-5D5002D6D23A}.Debug|Any CPU.Build.0 = Debug|Any CPU
		{6DE5F6DB-0F92-4554-A91C-5D5002D6D23A}.Release|Any CPU.ActiveCfg = Release|Any CPU
		{6DE5F6DB-0F92-4554-A91C-5D5002D6D23A}.Release|Any CPU.Build.0 = Release|Any CPU
		{1601E1BF-6983-4D05-8845-36623B9DC181}.Debug|Any CPU.ActiveCfg = Debug|Any CPU
		{1601E1BF-6983-4D05-8845-36623B9DC181}.Debug|Any CPU.Build.0 = Debug|Any CPU
		{1601E1BF-6983-4D05-8845-36623B9DC181}.Release|Any CPU.ActiveCfg = Release|Any CPU
		{1601E1BF-6983-4D05-8845-36623B9DC181}.Release|Any CPU.Build.0 = Release|Any CPU
	EndGlobalSection
	GlobalSection(SolutionProperties) = preSolution
		HideSolutionNode = FALSE
	EndGlobalSection
	GlobalSection(ExtensibilityGlobals) = postSolution
		SolutionGuid = {43018829-A45E-4288-948A-762E40A56A8C}
	EndGlobalSection
EndGlobal
