Microsoft Visual Studio Solution File, Format Version 12.00
# Visual Studio Version 18
VisualStudioVersion = 18.4.11605.240 stable
MinimumVisualStudioVersion = 10.0.40219.1
Project("{FAE04EC0-301F-11D3-BF4B-00C04F79EFBC}") = "HomeControlBackEnd", "HomeControlBackEnd\HomeControlBackEnd.csproj", "{7B437128-673A-78A5-BD1D-61FCE9861506}"
EndProject
Project("{54435603-DBB4-11D2-8724-00A0C9A8B90C}") = "HomeControlFrontEnd", "HomeControlFrontEnd\HomeControlFrontEnd.esproj", "{C43FCF3D-3580-46E5-85F0-D5518FBC7B9C}"
EndProject
Project("{2150E333-8FDC-42A3-9474-1A3956D46DE8}") = "DevicesAndSensors", "DevicesAndSensors", "{41F81983-6821-85F6-7EDE-BDC5D0629F95}"
EndProject
Project("{2150E333-8FDC-42A3-9474-1A3956D46DE8}") = "RpiLedStripeDevice", "RpiLedStripeDevice", "{D431AE57-0BB6-A930-8DF2-4F176637EA21}"
EndProject
Project("{FAE04EC0-301F-11D3-BF4B-00C04F79EFBC}") = "LedStripeWithSensors", "DevicesAndSensors\RpiLedStripeDevice\LedStripeWithSensors\LedStripeWithSensors.csproj", "{AB018352-BBA5-4F21-9628-8E6C306B3EC4}"
EndProject
Project("{FAE04EC0-301F-11D3-BF4B-00C04F79EFBC}") = "Animations1d", "DevicesAndSensors\RpiLedStripeDevice\Animations1d\Animations1d.csproj", "{49E10ED0-6E96-4D36-8121-4A555DD2DDE0}"
EndProject
Project("{FAE04EC0-301F-11D3-BF4B-00C04F79EFBC}") = "BlazorAnimationSimulator", "DevicesAndSensors\RpiLedStripeDevice\BlazorAnimationSimulator\BlazorAnimationSimulator\BlazorAnimationSimulator.csproj", "{77283881-FEC2-C5CC-20CA-57CEC4384E87}"
EndProject
Project("{FAE04EC0-301F-11D3-BF4B-00C04F79EFBC}") = "BlazorAnimationSimulator.Client", "DevicesAndSensors\RpiLedStripeDevice\BlazorAnimationSimulator\BlazorAnimationSimulator.Client\BlazorAnimationSimulator.Client.csproj", "{2DFB8BBB-B42C-38F6-F082-C868E3E7494E}"
EndProject
Project("{FAE04EC0-301F-11D3-BF4B-00C04F79EFBC}") = "LedStripeChristmasTree", "DevicesAndSensors\RpiLedStripeDevice\LedStripeChristmasTree\LedStripeChristmasTree.csproj", "{E3A1C5F2-9D4B-4E7A-B183-2F6D8C0A1E45}"
EndProject
Global
	GlobalSection(SolutionConfigurationPlatforms) = preSolution
		Debug|Any CPU = Debug|Any CPU
		Debug|x64 = Debug|x64
		Debug|x86 = Debug|x86
		Release|Any CPU = Release|Any CPU
		Release|x64 = Release|x64
		Release|x86 = Release|x86
	EndGlobalSection
	GlobalSection(ProjectConfigurationPlatforms) = postSolution
		{7B437128-673A-78A5-BD1D-61FCE9861506}.Debug|Any CPU.ActiveCfg = Debug|Any CPU
		{7B437128-673A-78A5-BD1D-61FCE9861506}.Debug|Any CPU.Build.0 = Debug|Any CPU
		{7B437128-673A-78A5-BD1D-61FCE9861506}.Debug|x64.ActiveCfg = Debug|Any CPU
		{7B437128-673A-78A5-BD1D-61FCE9861506}.Debug|x64.Build.0 = Debug|Any CPU
		{7B437128-673A-78A5-BD1D-61FCE9861506}.Debug|x86.ActiveCfg = Debug|Any CPU
		{7B437128-673A-78A5-BD1D-61FCE9861506}.Debug|x86.Build.0 = Debug|Any CPU
		{7B437128-673A-78A5-BD1D-61FCE9861506}.Release|Any CPU.ActiveCfg = Release|Any CPU
		{7B437128-673A-78A5-BD1D-61FCE9861506}.Release|Any CPU.Build.0 = Release|Any CPU
		{7B437128-673A-78A5-BD1D-61FCE9861506}.Release|x64.ActiveCfg = Release|Any CPU
		{7B437128-673A-78A5-BD1D-61FCE9861506}.Release|x64.Build.0 = Release|Any CPU
		{7B437128-673A-78A5-BD1D-61FCE9861506}.Release|x86.ActiveCfg = Release|Any CPU
		{7B437128-673A-78A5-BD1D-61FCE9861506}.Release|x86.Build.0 = Release|Any CPU
		{C43FCF3D-3580-46E5-85F0-D5518FBC7B9C}.Debug|Any CPU.ActiveCfg = Debug|Any CPU
		{C43FCF3D-3580-46E5-85F0-D5518FBC7B9C}.Debug|Any CPU.Build.0 = Debug|Any CPU
		{C43FCF3D-3580-46E5-85F0-D5518FBC7B9C}.Debug|x64.ActiveCfg = Debug|x64
		{C43FCF3D-3580-46E5-85F0-D5518FBC7B9C}.Debug|x86.ActiveCfg = Debug|x86
		{C43FCF3D-3580-46E5-85F0-D5518FBC7B9C}.Release|Any CPU.ActiveCfg = Release|Any CPU
		{C43FCF3D-3580-46E5-85F0-D5518FBC7B9C}.Release|Any CPU.Build.0 = Release|Any CPU
		{C43FCF3D-3580-46E5-85F0-D5518FBC7B9C}.Release|x64.ActiveCfg = Release|x64
		{C43FCF3D-3580-46E5-85F0-D5518FBC7B9C}.Release|x86.ActiveCfg = Release|x86
		{AB018352-BBA5-4F21-9628-8E6C306B3EC4}.Debug|Any CPU.ActiveCfg = Debug|Any CPU
		{AB018352-BBA5-4F21-9628-8E6C306B3EC4}.Debug|Any CPU.Build.0 = Debug|Any CPU
		{AB018352-BBA5-4F21-9628-8E6C306B3EC4}.Debug|x64.ActiveCfg = Debug|Any CPU
		{AB018352-BBA5-4F21-9628-8E6C306B3EC4}.Debug|x64.Build.0 = Debug|Any CPU
		{AB018352-BBA5-4F21-9628-8E6C306B3EC4}.Debug|x86.ActiveCfg = Debug|Any CPU
		{AB018352-BBA5-4F21-9628-8E6C306B3EC4}.Debug|x86.Build.0 = Debug|Any CPU
		{AB018352-BBA5-4F21-9628-8E6C306B3EC4}.Release|Any CPU.ActiveCfg = Release|Any CPU
		{AB018352-BBA5-4F21-9628-8E6C306B3EC4}.Release|Any CPU.Build.0 = Release|Any CPU
		{AB018352-BBA5-4F21-9628-8E6C306B3EC4}.Release|x64.ActiveCfg = Release|Any CPU
		{AB018352-BBA5-4F21-9628-8E6C306B3EC4}.Release|x64.Build.0 = Release|Any CPU
		{AB018352-BBA5-4F21-9628-8E6C306B3EC4}.Release|x86.ActiveCfg = Release|Any CPU
		{AB018352-BBA5-4F21-9628-8E6C306B3EC4}.Release|x86.Build.0 = Release|Any CPU
		{49E10ED0-6E96-4D36-8121-4A555DD2DDE0}.Debug|Any CPU.ActiveCfg = Debug|Any CPU
		{49E10ED0-6E96-4D36-8121-4A555DD2DDE0}.Debug|Any CPU.Build.0 = Debug|Any CPU
		{49E10ED0-6E96-4D36-8121-4A555DD2DDE0}.Debug|x64.ActiveCfg = Debug|Any CPU
		{49E10ED0-6E96-4D36-8121-4A555DD2DDE0}.Debug|x64.Build.0 = Debug|Any CPU
		{49E10ED0-6E96-4D36-8121-4A555DD2DDE0}.Debug|x86.ActiveCfg = Debug|Any CPU
		{49E10ED0-6E96-4D36-8121-4A555DD2DDE0}.Debug|x86.Build.0 = Debug|Any CPU
		{49E10ED0-6E96-4D36-8121-4A555DD2DDE0}.Release|Any CPU.ActiveCfg = Release|Any CPU
		{49E10ED0-6E96-4D36-8121-4A555DD2DDE0}.Release|Any CPU.Build.0 = Release|Any CPU
		{49E10ED0-6E96-4D36-8121-4A555DD2DDE0}.Release|x64.ActiveCfg = Release|Any CPU
		{49E10ED0-6E96-4D36-8121-4A555DD2DDE0}.Release|x64.Build.0 = Release|Any CPU
		{49E10ED0-6E96-4D36-8121-4A555DD2DDE0}.Release|x86.ActiveCfg = Release|Any CPU
		{49E10ED0-6E96-4D36-8121-4A555DD2DDE0}.Release|x86.Build.0 = Release|Any CPU
		{77283881-FEC2-C5CC-20CA-57CEC4384E87}.Debug|Any CPU.ActiveCfg = Debug|Any CPU
		{77283881-FEC2-C5CC-20CA-57CEC4384E87}.Debug|Any CPU.Build.0 = Debug|Any CPU
		{77283881-FEC2-C5CC-20CA-57CEC4384E87}.Debug|x64.ActiveCfg = Debug|Any CPU
		{77283881-FEC2-C5CC-20CA-57CEC4384E87}.Debug|x64.Build.0 = Debug|Any CPU
		{77283881-FEC2-C5CC-20CA-57CEC4384E87}.Debug|x86.ActiveCfg = Debug|Any CPU
		{77283881-FEC2-C5CC-20CA-57CEC4384E87}.Debug|x86.Build.0 = Debug|Any CPU
		{77283881-FEC2-C5CC-20CA-57CEC4384E87}.Release|Any CPU.ActiveCfg = Release|Any CPU
		{77283881-FEC2-C5CC-20CA-57CEC4384E87}.Release|Any CPU.Build.0 = Release|Any CPU
		{77283881-FEC2-C5CC-20CA-57CEC4384E87}.Release|x64.ActiveCfg = Release|Any CPU
		{77283881-FEC2-C5CC-20CA-57CEC4384E87}.Release|x64.Build.0 = Release|Any CPU
		{77283881-FEC2-C5CC-20CA-57CEC4384E87}.Release|x86.ActiveCfg = Release|Any CPU
		{77283881-FEC2-C5CC-20CA-57CEC4384E87}.Release|x86.Build.0 = Release|Any CPU
		{2DFB8BBB-B42C-38F6-F082-C868E3E7494E}.Debug|Any CPU.ActiveCfg = Debug|Any CPU
		{2DFB8BBB-B42C-38F6-F082-C868E3E7494E}.Debug|Any CPU.Build.0 = Debug|Any CPU
		{2DFB8BBB-B42C-38F6-F082-C868E3E7494E}.Debug|x64.ActiveCfg = Debug|Any CPU
		{2DFB8BBB-B42C-38F6-F082-C868E3E7494E}.Debug|x64.Build.0 = Debug|Any CPU
		{2DFB8BBB-B42C-38F6-F082-C868E3E7494E}.Debug|x86.ActiveCfg = Debug|Any CPU
		{2DFB8BBB-B42C-38F6-F082-C868E3E7494E}.Debug|x86.Build.0 = Debug|Any CPU
		{2DFB8BBB-B42C-38F6-F082-C868E3E7494E}.Release|Any CPU.ActiveCfg = Release|Any CPU
		{2DFB8BBB-B42C-38F6-F082-C868E3E7494E}.Release|Any CPU.Build.0 = Release|Any CPU
		{2DFB8BBB-B42C-38F6-F082-C868E3E7494E}.Release|x64.ActiveCfg = Release|Any CPU
		{2DFB8BBB-B42C-38F6-F082-C868E3E7494E}.Release|x64.Build.0 = Release|Any CPU
		{2DFB8BBB-B42C-38F6-F082-C868E3E7494E}.Release|x86.ActiveCfg = Release|Any CPU
		{2DFB8BBB-B42C-38F6-F082-C868E3E7494E}.Release|x86.Build.0 = Release|Any CPU
		{E3A1C5F2-9D4B-4E7A-B183-2F6D8C0A1E45}.Debug|Any CPU.ActiveCfg = Debug|Any CPU
		{E3A1C5F2-9D4B-4E7A-B183-2F6D8C0A1E45}.Debug|Any CPU.Build.0 = Debug|Any CPU
		{E3A1C5F2-9D4B-4E7A-B183-2F6D8C0A1E45}.Debug|x64.ActiveCfg = Debug|Any CPU
		{E3A1C5F2-9D4B-4E7A-B183-2F6D8C0A1E45}.Debug|x64.Build.0 = Debug|Any CPU
		{E3A1C5F2-9D4B-4E7A-B183-2F6D8C0A1E45}.Debug|x86.ActiveCfg = Debug|Any CPU
		{E3A1C5F2-9D4B-4E7A-B183-2F6D8C0A1E45}.Debug|x86.Build.0 = Debug|Any CPU
		{E3A1C5F2-9D4B-4E7A-B183-2F6D8C0A1E45}.Release|Any CPU.ActiveCfg = Release|Any CPU
		{E3A1C5F2-9D4B-4E7A-B183-2F6D8C0A1E45}.Release|Any CPU.Build.0 = Release|Any CPU
		{E3A1C5F2-9D4B-4E7A-B183-2F6D8C0A1E45}.Release|x64.ActiveCfg = Release|Any CPU
		{E3A1C5F2-9D4B-4E7A-B183-2F6D8C0A1E45}.Release|x64.Build.0 = Release|Any CPU
		{E3A1C5F2-9D4B-4E7A-B183-2F6D8C0A1E45}.Release|x86.ActiveCfg = Release|Any CPU
		{E3A1C5F2-9D4B-4E7A-B183-2F6D8C0A1E45}.Release|x86.Build.0 = Release|Any CPU
	EndGlobalSection
	GlobalSection(SolutionProperties) = preSolution
		HideSolutionNode = FALSE
	EndGlobalSection
	GlobalSection(NestedProjects) = preSolution
		{D431AE57-0BB6-A930-8DF2-4F176637EA21} = {41F81983-6821-85F6-7EDE-BDC5D0629F95}
		{AB018352-BBA5-4F21-9628-8E6C306B3EC4} = {D431AE57-0BB6-A930-8DF2-4F176637EA21}
		{49E10ED0-6E96-4D36-8121-4A555DD2DDE0} = {D431AE57-0BB6-A930-8DF2-4F176637EA21}
		{77283881-FEC2-C5CC-20CA-57CEC4384E87} = {D431AE57-0BB6-A930-8DF2-4F176637EA21}
		{2DFB8BBB-B42C-38F6-F082-C868E3E7494E} = {D431AE57-0BB6-A930-8DF2-4F176637EA21}
		{E3A1C5F2-9D4B-4E7A-B183-2F6D8C0A1E45} = {D431AE57-0BB6-A930-8DF2-4F176637EA21}
	EndGlobalSection
	GlobalSection(ExtensibilityGlobals) = postSolution
		SolutionGuid = {BB733B63-2A3F-48BF-8D3D-F11A87740A3F}
	EndGlobalSection
EndGlobal
